
Microsoft Visual Studio Solution File, Format Version 12.00
# Visual Studio Version 17
VisualStudioVersion = 17.8.34322.80
MinimumVisualStudioVersion = 10.0.40219.1
Project("{FAE04EC0-301F-11D3-BF4B-00C04F79EFBC}") = "Biblioteca", "Biblioteca\Biblioteca.csproj", "{93CC5FB8-B06A-43E5-AF91-C3747DD35339}"
EndProject
Global
	GlobalSection(SolutionConfigurationPlatforms) = preSolution
		Debug|Any CPU = Debug|Any CPU
		Release|Any CPU = Release|Any CPU
	EndGlobalSection
	GlobalSection(ProjectConfigurationPlatforms) = postSolution
		{93CC5FB8-B06A-43E5-AF91-C3747DD35339}.Debug|Any CPU.ActiveCfg = Debug|Any CPU
		{93CC5FB8-B06A-43E5-AF91-C3747DD35339}.Debug|Any CPU.Build.0 = Debug|Any CPU
		{93CC5FB8-B06A-43E5-AF91-C3747DD35339}.Release|Any CPU.ActiveCfg = Release|Any CPU
		{93CC5FB8-B06A-43E5-AF91-C3747DD35339}.Release|Any CPU.Build.0 = Release|Any CPU
	EndGlobalSection
	GlobalSection(SolutionProperties) = preSolution
		HideSolutionNode = FALSE
	EndGlobalSection
	GlobalSection(ExtensibilityGlobals) = postSolution
		SolutionGuid = {20B293B8-6567-4E08-AB47-12B21D5161AE}
	EndGlobalSection
EndGlobal
